
Microsoft Visual Studio Solution File, Format Version 12.00
# Visual Studio Version 16
VisualStudioVersion = 16.0.31702.278
MinimumVisualStudioVersion = 10.0.40219.1
Project("{FAE04EC0-301F-11D3-BF4B-00C04F79EFBC}") = "API_BookStore_ASPNETMVC", "API_BookStore_ASPNETMVC\API_BookStore_ASPNETMVC.csproj", "{DC781011-0AD4-43FE-8630-DA3B087E24E8}"
EndProject
Global
	GlobalSection(SolutionConfigurationPlatforms) = preSolution
		Debug|Any CPU = Debug|Any CPU
		Release|Any CPU = Release|Any CPU
	EndGlobalSection
	GlobalSection(ProjectConfigurationPlatforms) = postSolution
		{DC781011-0AD4-43FE-8630-DA3B087E24E8}.Debug|Any CPU.ActiveCfg = Debug|Any CPU
		{DC781011-0AD4-43FE-8630-DA3B087E24E8}.Debug|Any CPU.Build.0 = Debug|Any CPU
		{DC781011-0AD4-43FE-8630-DA3B087E24E8}.Release|Any CPU.ActiveCfg = Release|Any CPU
		{DC781011-0AD4-43FE-8630-DA3B087E24E8}.Release|Any CPU.Build.0 = Release|Any CPU
	EndGlobalSection
	GlobalSection(SolutionProperties) = preSolution
		HideSolutionNode = FALSE
	EndGlobalSection
	GlobalSection(ExtensibilityGlobals) = postSolution
		SolutionGuid = {5B4373FF-84E7-458B-83EE-25E08883654E}
	EndGlobalSection
EndGlobal
